<?xml version="1.0" encoding="utf-8"?>
<Project ToolsVersion="4.0" xmlns="http://schemas.microsoft.com/developer/msbuild/2003">
  <ItemGroup>
    <Filter Include="Arquivos de Origem">
      <UniqueIdentifier>{4FC737F1-C7A5-4376-A066-2A32D752A2FF}</UniqueIdentifier>
      <Extensions>cpp;c;cc;cxx;c++;cppm;ixx;def;odl;idl;hpj;bat;asm;asmx</Extensions>
    </Filter>
    <Filter Include="Arquivos de Cabeçalho">
      <UniqueIdentifier>{93995380-89BD-4b04-88EB-625FBE52EBFB}</UniqueIdentifier>
      <Extensions>h;hh;hpp;hxx;h++;hm;inl;inc;ipp;xsd</Extensions>
    </Filter>
    <Filter Include="Arquivos de Recurso">
      <UniqueIdentifier>{67DA6AB6-F800-4c08-8B7A-83BB121AAD01}</UniqueIdentifier>
      <Extensions>rc;ico;cur;bmp;dlg;rc2;rct;bin;rgs;gif;jpg;jpeg;jpe;resx;tiff;tif;png;wav;mfcribbon-ms</Extensions>
    </Filter>
    <Filter Include="Arquivos de Cabeçalho\core">
      <UniqueIdentifier>{b7bee0a5-49f7-433d-aed8-f787515d6113}</UniqueIdentifier>
    </Filter>
    <Filter Include="Arquivos de Cabeçalho\core\types">
      <UniqueIdentifier>{0b689ede-5734-48f2-aa9d-3f63ffc81f04}</UniqueIdentifier>
    </Filter>
    <Filter Include="Arquivos de Origem\core">
      <UniqueIdentifier>{fc9e2b26-41ac-4d9c-9e54-c1aed34d6490}</UniqueIdentifier>
    </Filter>
    <Filter Include="Arquivos de Origem\core\types">
      <UniqueIdentifier>{f655f37b-6d73-48ea-bfce-088d99b174dd}</UniqueIdentifier>
    </Filter>
    <Filter Include="Arquivos de Origem\core\input">
      <UniqueIdentifier>{53a899de-1cee-4a27-837f-ebbbc95c733f}</UniqueIdentifier>
    </Filter>
    <Filter Include="Arquivos de Cabeçalho\core\OS">
      <UniqueIdentifier>{7f0fc021-e0c0-4786-8c48-1a11dcb84aa1}</UniqueIdentifier>
    </Filter>
    <Filter Include="Arquivos de Origem\libs">
      <UniqueIdentifier>{d9a21fff-975c-4d1b-95a6-01a97507777a}</UniqueIdentifier>
    </Filter>
    <Filter Include="Arquivos de Origem\editor">
      <UniqueIdentifier>{146442bb-c702-4209-bee1-19000ef7d212}</UniqueIdentifier>
    </Filter>
    <Filter Include="Arquivos de Cabeçalho\libs">
      <UniqueIdentifier>{053818e5-3cf7-4921-a54d-46a9d29fa1a5}</UniqueIdentifier>
    </Filter>
    <Filter Include="Arquivos de Cabeçalho\editor">
      <UniqueIdentifier>{b53bdba1-c349-4cf9-962f-5bf5d202c3f0}</UniqueIdentifier>
    </Filter>
    <Filter Include="Arquivos de Cabeçalho\audio">
      <UniqueIdentifier>{e605fa59-dea0-4c69-b3fa-3dea1e50eb00}</UniqueIdentifier>
    </Filter>
    <Filter Include="Arquivos de Origem\audio">
      <UniqueIdentifier>{57ad67fe-934b-4419-98f9-10c3fe3b851a}</UniqueIdentifier>
    </Filter>
    <Filter Include="Arquivos de Cabeçalho\core\filesystem">
      <UniqueIdentifier>{6ab4ed16-8bd4-496f-8e66-0f28d1da6c07}</UniqueIdentifier>
    </Filter>
  </ItemGroup>
  <ItemGroup>
    <ClCompile Include="main.cpp">
      <Filter>Arquivos de Origem\core</Filter>
    </ClCompile>
    <ClCompile Include="core\libs\glad\glad.c">
      <Filter>Arquivos de Origem\libs</Filter>
    </ClCompile>
    <ClCompile Include="editor\imgui_impl_glfw.cpp">
      <Filter>Arquivos de Origem\editor</Filter>
    </ClCompile>
    <ClCompile Include="editor\imgui_impl_opengl3.cpp">
      <Filter>Arquivos de Origem\editor</Filter>
    </ClCompile>
    <ClCompile Include="core\audio\alhelpers.c">
      <Filter>Arquivos de Origem\audio</Filter>
    </ClCompile>
  </ItemGroup>
  <ItemGroup>
    <ClInclude Include="core\types\types.h">
      <Filter>Arquivos de Cabeçalho\core\types</Filter>
    </ClInclude>
    <ClInclude Include="core\types\mat2.h">
      <Filter>Arquivos de Cabeçalho\core\types</Filter>
    </ClInclude>
    <ClInclude Include="core\types\mat3.h">
      <Filter>Arquivos de Cabeçalho\core\types</Filter>
    </ClInclude>
    <ClInclude Include="core\types\mat4.h">
      <Filter>Arquivos de Cabeçalho\core\types</Filter>
    </ClInclude>
    <ClInclude Include="core\types\vec2.h">
      <Filter>Arquivos de Cabeçalho\core\types</Filter>
    </ClInclude>
    <ClInclude Include="core\types\vec3.h">
      <Filter>Arquivos de Cabeçalho\core\types</Filter>
    </ClInclude>
    <ClInclude Include="core\types\vec4.h">
      <Filter>Arquivos de Cabeçalho\core\types</Filter>
    </ClInclude>
    <ClInclude Include="core\OS\window.h">
      <Filter>Arquivos de Cabeçalho\core\OS</Filter>
    </ClInclude>
    <ClInclude Include="core\OS\input.h">
      <Filter>Arquivos de Cabeçalho\core\OS</Filter>
    </ClInclude>
    <ClInclude Include="core\libs\glad\glad.h">
      <Filter>Arquivos de Cabeçalho\libs</Filter>
    </ClInclude>
    <ClInclude Include="editor\imgui_impl_glfw.h">
      <Filter>Arquivos de Cabeçalho\libs</Filter>
    </ClInclude>
    <ClInclude Include="editor\imgui_impl_opengl3.h">
      <Filter>Arquivos de Cabeçalho\libs</Filter>
    </ClInclude>
    <ClInclude Include="editor\imgui_impl_opengl3_loader.h">
      <Filter>Arquivos de Cabeçalho\libs</Filter>
    </ClInclude>
    <ClInclude Include="core\libs\glad\khrplatform.h">
      <Filter>Arquivos de Cabeçalho\libs</Filter>
    </ClInclude>
    <ClInclude Include="editor\imgui_designs.h">
      <Filter>Arquivos de Cabeçalho\editor</Filter>
    </ClInclude>
    <ClInclude Include="core\OS\OS.h">
      <Filter>Arquivos de Cabeçalho\core\OS</Filter>
    </ClInclude>
    <ClInclude Include="core\audio\audio.h">
      <Filter>Arquivos de Cabeçalho\audio</Filter>
    </ClInclude>
    <ClInclude Include="core\audio\alhelpers.h">
      <Filter>Arquivos de Cabeçalho\audio</Filter>
    </ClInclude>
    <ClInclude Include="core\audio\win_main_utf8.h">
      <Filter>Arquivos de Cabeçalho\audio</Filter>
    </ClInclude>
    <ClInclude Include="core\filesystem\filesystem.h">
      <Filter>Arquivos de Cabeçalho\core\filesystem</Filter>
    </ClInclude>
  </ItemGroup>
</Project>