<?xml version="1.0" encoding="utf-8"?>
<Project ToolsVersion="4.0" xmlns="http://schemas.microsoft.com/developer/msbuild/2003">
  <ItemGroup>
    <Filter Include="Arquivos de Origem">
      <UniqueIdentifier>{4FC737F1-C7A5-4376-A066-2A32D752A2FF}</UniqueIdentifier>
      <Extensions>cpp;c;cc;cxx;c++;cppm;ixx;def;odl;idl;hpj;bat;asm;asmx</Extensions>
    </Filter>
    <Filter Include="Arquivos de Cabeçalho">
      <UniqueIdentifier>{93995380-89BD-4b04-88EB-625FBE52EBFB}</UniqueIdentifier>
      <Extensions>h;hh;hpp;hxx;h++;hm;inl;inc;ipp;xsd</Extensions>
    </Filter>
    <Filter Include="Arquivos de Recurso">
      <UniqueIdentifier>{67DA6AB6-F800-4c08-8B7A-83BB121AAD01}</UniqueIdentifier>
      <Extensions>rc;ico;cur;bmp;dlg;rc2;rct;bin;rgs;gif;jpg;jpeg;jpe;resx;tiff;tif;png;wav;mfcribbon-ms</Extensions>
    </Filter>
    <Filter Include="Arquivos de Cabeçalho\core">
      <UniqueIdentifier>{b7bee0a5-49f7-433d-aed8-f787515d6113}</UniqueIdentifier>
    </Filter>
    <Filter Include="Arquivos de Cabeçalho\core\types">
      <UniqueIdentifier>{0b689ede-5734-48f2-aa9d-3f63ffc81f04}</UniqueIdentifier>
    </Filter>
    <Filter Include="Arquivos de Origem\core">
      <UniqueIdentifier>{fc9e2b26-41ac-4d9c-9e54-c1aed34d6490}</UniqueIdentifier>
    </Filter>
    <Filter Include="Arquivos de Origem\core\types">
      <UniqueIdentifier>{f655f37b-6d73-48ea-bfce-088d99b174dd}</UniqueIdentifier>
    </Filter>
  </ItemGroup>
</Project>